
Microsoft Visual Studio Solution File, Format Version 12.00
# Visual Studio 2015
Project("{FAE04EC0-301F-11D3-BF4B-00C04F79EFBC}") = "Sample-TextureMapping.CSharp", "Sample-TextureMapping.CSharp.csproj", "{FCE9060D-9FDD-B383-AFAA-351F29B2CC61}"
EndProject
Global
	GlobalSection(SolutionConfigurationPlatforms) = preSolution
		Debug|Any CPU = Debug|Any CPU
		Release|Any CPU = Release|Any CPU
	EndGlobalSection
	GlobalSection(ProjectConfigurationPlatforms) = postSolution
		{FCE9060D-9FDD-B383-AFAA-351F29B2CC61}.Debug|Any CPU.ActiveCfg = Debug|Any CPU
		{FCE9060D-9FDD-B383-AFAA-351F29B2CC61}.Debug|Any CPU.Build.0 = Debug|Any CPU
		{FCE9060D-9FDD-B383-AFAA-351F29B2CC61}.Release|Any CPU.ActiveCfg = Release|Any CPU
		{FCE9060D-9FDD-B383-AFAA-351F29B2CC61}.Release|Any CPU.Build.0 = Release|Any CPU
	EndGlobalSection
	GlobalSection(SolutionProperties) = preSolution
		HideSolutionNode = FALSE
	EndGlobalSection
EndGlobal
